// !$*UTF8*$!
{
	archiveVersion = 1;
	classes = {
	};
	objectVersion = 46;
	objects = {

/* Begin PBXBuildFile section */
		5137133E1D7D3089006D63D5 /* ContentModes.plist in Resources */ = {isa = PBXBuildFile; fileRef = 5137133D1D7D3089006D63D5 /* ContentModes.plist */; };
		513713401D7D41A8006D63D5 /* SampleImages.plist in Resources */ = {isa = PBXBuildFile; fileRef = 5137133F1D7D41A8006D63D5 /* SampleImages.plist */; };
		513713421D7F5A23006D63D5 /* PixelViewer_YpCbCr_2P.glsl in Resources */ = {isa = PBXBuildFile; fileRef = 513713411D7F5A23006D63D5 /* PixelViewer_YpCbCr_2P.glsl */; };
		513713491D81251D006D63D5 /* SampleImageConverter.m in Sources */ = {isa = PBXBuildFile; fileRef = 513713481D81251D006D63D5 /* SampleImageConverter.m */; };
		5137134B1D814C28006D63D5 /* PixelViewer_YpCbCrA_1P.glsl in Resources */ = {isa = PBXBuildFile; fileRef = 5137134A1D814C28006D63D5 /* PixelViewer_YpCbCrA_1P.glsl */; };
		513713641D823A15006D63D5 /* iPad Screen.png in Resources */ = {isa = PBXBuildFile; fileRef = 513713631D823A15006D63D5 /* iPad Screen.png */; };
		513713661D8388E6006D63D5 /* PixelViewer_RGB.glsl in Resources */ = {isa = PBXBuildFile; fileRef = 513713651D8388E6006D63D5 /* PixelViewer_RGB.glsl */; };
		5161A2F21D794B3B0012818A /* yuv.png in Resources */ = {isa = PBXBuildFile; fileRef = 5161A2F11D794B3B0012818A /* yuv.png */; };
		516EB7CF1D764F4600CF8DF5 /* main.m in Sources */ = {isa = PBXBuildFile; fileRef = 516EB7CE1D764F4600CF8DF5 /* main.m */; };
		516EB7D21D764F4600CF8DF5 /* AppDelegate.m in Sources */ = {isa = PBXBuildFile; fileRef = 516EB7D11D764F4600CF8DF5 /* AppDelegate.m */; };
		516EB7D51D764F4600CF8DF5 /* ViewController.m in Sources */ = {isa = PBXBuildFile; fileRef = 516EB7D41D764F4600CF8DF5 /* ViewController.m */; };
		516EB7D81D764F4600CF8DF5 /* Main.storyboard in Resources */ = {isa = PBXBuildFile; fileRef = 516EB7D61D764F4600CF8DF5 /* Main.storyboard */; };
		516EB7DA1D764F4600CF8DF5 /* Assets.xcassets in Resources */ = {isa = PBXBuildFile; fileRef = 516EB7D91D764F4600CF8DF5 /* Assets.xcassets */; };
		516EB7DD1D764F4600CF8DF5 /* LaunchScreen.storyboard in Resources */ = {isa = PBXBuildFile; fileRef = 516EB7DB1D764F4600CF8DF5 /* LaunchScreen.storyboard */; };
		516EB7ED1D764FFD00CF8DF5 /* EEPixelViewer.m in Sources */ = {isa = PBXBuildFile; fileRef = 516EB7E41D764FFD00CF8DF5 /* EEPixelViewer.m */; };
		516EB7EE1D764FFD00CF8DF5 /* PixelViewer_YpCbCr_3P.glsl in Resources */ = {isa = PBXBuildFile; fileRef = 516EB7E61D764FFD00CF8DF5 /* PixelViewer_YpCbCr_3P.glsl */; };
		516EB7F11D764FFD00CF8DF5 /* OGLProgramManager.m in Sources */ = {isa = PBXBuildFile; fileRef = 516EB7EB1D764FFD00CF8DF5 /* OGLProgramManager.m */; };
		516EB7F21D764FFD00CF8DF5 /* VertexShader.glsl in Resources */ = {isa = PBXBuildFile; fileRef = 516EB7EC1D764FFD00CF8DF5 /* VertexShader.glsl */; };
		516EB7F41D76529400CF8DF5 /* iPhones.png in Resources */ = {isa = PBXBuildFile; fileRef = 516EB7F31D76529400CF8DF5 /* iPhones.png */; };
		516EB7F61D76530D00CF8DF5 /* GLKit.framework in Frameworks */ = {isa = PBXBuildFile; fileRef = 516EB7F51D76530D00CF8DF5 /* GLKit.framework */; };
		516EB7F81D76536700CF8DF5 /* Accelerate.framework in Frameworks */ = {isa = PBXBuildFile; fileRef = 516EB7F71D76536700CF8DF5 /* Accelerate.framework */; };
		516EB7FA1D7655CA00CF8DF5 /* PixelFormats.plist in Resources */ = {isa = PBXBuildFile; fileRef = 516EB7F91D7655CA00CF8DF5 /* PixelFormats.plist */; };
		5186AF5D1D7A34A300CCC782 /* rgba.png in Resources */ = {isa = PBXBuildFile; fileRef = 5186AF5C1D7A34A300CCC782 /* rgba.png */; };
		5186AF5F1D7A37B300CCC782 /* PixelViewer_RGBA.glsl in Resources */ = {isa = PBXBuildFile; fileRef = 5186AF5E1D7A37B300CCC782 /* PixelViewer_RGBA.glsl */; };
/* End PBXBuildFile section */

/* Begin PBXFileReference section */
		5137133D1D7D3089006D63D5 /* ContentModes.plist */ = {isa = PBXFileReference; fileEncoding = 4; lastKnownFileType = text.plist.xml; path = ContentModes.plist; sourceTree = "<group>"; };
		5137133F1D7D41A8006D63D5 /* SampleImages.plist */ = {isa = PBXFileReference; fileEncoding = 4; lastKnownFileType = text.plist.xml; path = SampleImages.plist; sourceTree = "<group>"; };
		513713411D7F5A23006D63D5 /* PixelViewer_YpCbCr_2P.glsl */ = {isa = PBXFileReference; fileEncoding = 4; lastKnownFileType = text; path = PixelViewer_YpCbCr_2P.glsl; sourceTree = "<group>"; };
		513713471D81251D006D63D5 /* SampleImageConverter.h */ = {isa = PBXFileReference; fileEncoding = 4; lastKnownFileType = sourcecode.c.h; path = SampleImageConverter.h; sourceTree = "<group>"; };
		513713481D81251D006D63D5 /* SampleImageConverter.m */ = {isa = PBXFileReference; fileEncoding = 4; lastKnownFileType = sourcecode.c.objc; path = SampleImageConverter.m; sourceTree = "<group>"; };
		5137134A1D814C28006D63D5 /* PixelViewer_YpCbCrA_1P.glsl */ = {isa = PBXFileReference; fileEncoding = 4; lastKnownFileType = text; path = PixelViewer_YpCbCrA_1P.glsl; sourceTree = "<group>"; };
		513713631D823A15006D63D5 /* iPad Screen.png */ = {isa = PBXFileReference; lastKnownFileType = image.png; path = "iPad Screen.png"; sourceTree = "<group>"; };
		513713651D8388E6006D63D5 /* PixelViewer_RGB.glsl */ = {isa = PBXFileReference; fileEncoding = 4; lastKnownFileType = text; path = PixelViewer_RGB.glsl; sourceTree = "<group>"; };
		5161A2F11D794B3B0012818A /* yuv.png */ = {isa = PBXFileReference; lastKnownFileType = image.png; path = yuv.png; sourceTree = "<group>"; };
		516EB7CA1D764F4600CF8DF5 /* EEPixelViewer.app */ = {isa = PBXFileReference; explicitFileType = wrapper.application; includeInIndex = 0; path = EEPixelViewer.app; sourceTree = BUILT_PRODUCTS_DIR; };
		516EB7CE1D764F4600CF8DF5 /* main.m */ = {isa = PBXFileReference; lastKnownFileType = sourcecode.c.objc; path = main.m; sourceTree = "<group>"; };
		516EB7D01D764F4600CF8DF5 /* AppDelegate.h */ = {isa = PBXFileReference; lastKnownFileType = sourcecode.c.h; path = AppDelegate.h; sourceTree = "<group>"; };
		516EB7D11D764F4600CF8DF5 /* AppDelegate.m */ = {isa = PBXFileReference; lastKnownFileType = sourcecode.c.objc; path = AppDelegate.m; sourceTree = "<group>"; };
		516EB7D31D764F4600CF8DF5 /* ViewController.h */ = {isa = PBXFileReference; lastKnownFileType = sourcecode.c.h; path = ViewController.h; sourceTree = "<group>"; };
		516EB7D41D764F4600CF8DF5 /* ViewController.m */ = {isa = PBXFileReference; lastKnownFileType = sourcecode.c.objc; path = ViewController.m; sourceTree = "<group>"; };
		516EB7D71D764F4600CF8DF5 /* Base */ = {isa = PBXFileReference; lastKnownFileType = file.storyboard; name = Base; path = Base.lproj/Main.storyboard; sourceTree = "<group>"; };
		516EB7D91D764F4600CF8DF5 /* Assets.xcassets */ = {isa = PBXFileReference; lastKnownFileType = folder.assetcatalog; path = Assets.xcassets; sourceTree = "<group>"; };
		516EB7DC1D764F4600CF8DF5 /* Base */ = {isa = PBXFileReference; lastKnownFileType = file.storyboard; name = Base; path = Base.lproj/LaunchScreen.storyboard; sourceTree = "<group>"; };
		516EB7DE1D764F4600CF8DF5 /* Info.plist */ = {isa = PBXFileReference; lastKnownFileType = text.plist.xml; path = Info.plist; sourceTree = "<group>"; };
		516EB7E41D764FFD00CF8DF5 /* EEPixelViewer.m */ = {isa = PBXFileReference; fileEncoding = 4; lastKnownFileType = sourcecode.c.objc; path = EEPixelViewer.m; sourceTree = "<group>"; };
		516EB7E51D764FFD00CF8DF5 /* EEPixelViewer.h */ = {isa = PBXFileReference; fileEncoding = 4; lastKnownFileType = sourcecode.c.h; path = EEPixelViewer.h; sourceTree = "<group>"; };
		516EB7E61D764FFD00CF8DF5 /* PixelViewer_YpCbCr_3P.glsl */ = {isa = PBXFileReference; fileEncoding = 4; lastKnownFileType = text; path = PixelViewer_YpCbCr_3P.glsl; sourceTree = "<group>"; };
		516EB7EA1D764FFD00CF8DF5 /* OGLProgramManager.h */ = {isa = PBXFileReference; fileEncoding = 4; lastKnownFileType = sourcecode.c.h; path = OGLProgramManager.h; sourceTree = "<group>"; };
		516EB7EB1D764FFD00CF8DF5 /* OGLProgramManager.m */ = {isa = PBXFileReference; fileEncoding = 4; lastKnownFileType = sourcecode.c.objc; path = OGLProgramManager.m; sourceTree = "<group>"; };
		516EB7EC1D764FFD00CF8DF5 /* VertexShader.glsl */ = {isa = PBXFileReference; fileEncoding = 4; lastKnownFileType = text; path = VertexShader.glsl; sourceTree = "<group>"; };
		516EB7F31D76529400CF8DF5 /* iPhones.png */ = {isa = PBXFileReference; lastKnownFileType = image.png; name = iPhones.png; path = ../../../../Desktop/iPhones.png; sourceTree = "<group>"; };
		516EB7F51D76530D00CF8DF5 /* GLKit.framework */ = {isa = PBXFileReference; lastKnownFileType = wrapper.framework; name = GLKit.framework; path = System/Library/Frameworks/GLKit.framework; sourceTree = SDKROOT; };
		516EB7F71D76536700CF8DF5 /* Accelerate.framework */ = {isa = PBXFileReference; lastKnownFileType = wrapper.framework; name = Accelerate.framework; path = System/Library/Frameworks/Accelerate.framework; sourceTree = SDKROOT; };
		516EB7F91D7655CA00CF8DF5 /* PixelFormats.plist */ = {isa = PBXFileReference; fileEncoding = 4; lastKnownFileType = text.plist.xml; path = PixelFormats.plist; sourceTree = "<group>"; };
		5186AF5C1D7A34A300CCC782 /* rgba.png */ = {isa = PBXFileReference; lastKnownFileType = image.png; path = rgba.png; sourceTree = "<group>"; };
		5186AF5E1D7A37B300CCC782 /* PixelViewer_RGBA.glsl */ = {isa = PBXFileReference; fileEncoding = 4; lastKnownFileType = text; path = PixelViewer_RGBA.glsl; sourceTree = "<group>"; };
/* End PBXFileReference section */

/* Begin PBXFrameworksBuildPhase section */
		516EB7C71D764F4600CF8DF5 /* Frameworks */ = {
			isa = PBXFrameworksBuildPhase;
			buildActionMask = 2147483647;
			files = (
				516EB7F81D76536700CF8DF5 /* Accelerate.framework in Frameworks */,
				516EB7F61D76530D00CF8DF5 /* GLKit.framework in Frameworks */,
			);
			runOnlyForDeploymentPostprocessing = 0;
		};
/* End PBXFrameworksBuildPhase section */

/* Begin PBXGroup section */
		513713451D7F6645006D63D5 /* Shaders */ = {
			isa = PBXGroup;
			children = (
				516EB7E61D764FFD00CF8DF5 /* PixelViewer_YpCbCr_3P.glsl */,
				513713411D7F5A23006D63D5 /* PixelViewer_YpCbCr_2P.glsl */,
				5137134A1D814C28006D63D5 /* PixelViewer_YpCbCrA_1P.glsl */,
				5186AF5E1D7A37B300CCC782 /* PixelViewer_RGBA.glsl */,
				513713651D8388E6006D63D5 /* PixelViewer_RGB.glsl */,
				516EB7EC1D764FFD00CF8DF5 /* VertexShader.glsl */,
			);
			name = Shaders;
			sourceTree = "<group>";
		};
		513713461D7F6651006D63D5 /* Sample Images */ = {
			isa = PBXGroup;
			children = (
				5161A2F11D794B3B0012818A /* yuv.png */,
				5186AF5C1D7A34A300CCC782 /* rgba.png */,
				513713631D823A15006D63D5 /* iPad Screen.png */,
				516EB7F31D76529400CF8DF5 /* iPhones.png */,
			);
			name = "Sample Images";
			sourceTree = "<group>";
		};
		516EB7C11D764F4600CF8DF5 = {
			isa = PBXGroup;
			children = (
				516EB7F71D76536700CF8DF5 /* Accelerate.framework */,
				516EB7F51D76530D00CF8DF5 /* GLKit.framework */,
				516EB7CC1D764F4600CF8DF5 /* EEPixelViewer */,
				516EB7CB1D764F4600CF8DF5 /* Products */,
			);
			sourceTree = "<group>";
		};
		516EB7CB1D764F4600CF8DF5 /* Products */ = {
			isa = PBXGroup;
			children = (
				516EB7CA1D764F4600CF8DF5 /* EEPixelViewer.app */,
			);
			name = Products;
			sourceTree = "<group>";
		};
		516EB7CC1D764F4600CF8DF5 /* EEPixelViewer */ = {
			isa = PBXGroup;
			children = (
				513713461D7F6651006D63D5 /* Sample Images */,
				513713451D7F6645006D63D5 /* Shaders */,
				516EB7E41D764FFD00CF8DF5 /* EEPixelViewer.m */,
				516EB7E51D764FFD00CF8DF5 /* EEPixelViewer.h */,
				516EB7EA1D764FFD00CF8DF5 /* OGLProgramManager.h */,
				516EB7EB1D764FFD00CF8DF5 /* OGLProgramManager.m */,
				516EB7D01D764F4600CF8DF5 /* AppDelegate.h */,
				516EB7D11D764F4600CF8DF5 /* AppDelegate.m */,
				516EB7D31D764F4600CF8DF5 /* ViewController.h */,
				516EB7D41D764F4600CF8DF5 /* ViewController.m */,
				513713471D81251D006D63D5 /* SampleImageConverter.h */,
				513713481D81251D006D63D5 /* SampleImageConverter.m */,
				516EB7D61D764F4600CF8DF5 /* Main.storyboard */,
				516EB7D91D764F4600CF8DF5 /* Assets.xcassets */,
				516EB7DB1D764F4600CF8DF5 /* LaunchScreen.storyboard */,
				516EB7DE1D764F4600CF8DF5 /* Info.plist */,
				516EB7CD1D764F4600CF8DF5 /* Supporting Files */,
				516EB7F91D7655CA00CF8DF5 /* PixelFormats.plist */,
				5137133F1D7D41A8006D63D5 /* SampleImages.plist */,
				5137133D1D7D3089006D63D5 /* ContentModes.plist */,
			);
			path = EEPixelViewer;
			sourceTree = "<group>";
		};
		516EB7CD1D764F4600CF8DF5 /* Supporting Files */ = {
			isa = PBXGroup;
			children = (
				516EB7CE1D764F4600CF8DF5 /* main.m */,
			);
			name = "Supporting Files";
			sourceTree = "<group>";
		};
/* End PBXGroup section */

/* Begin PBXNativeTarget section */
		516EB7C91D764F4600CF8DF5 /* EEPixelViewer */ = {
			isa = PBXNativeTarget;
			buildConfigurationList = 516EB7E11D764F4600CF8DF5 /* Build configuration list for PBXNativeTarget "EEPixelViewer" */;
			buildPhases = (
				516EB7C61D764F4600CF8DF5 /* Sources */,
				516EB7C71D764F4600CF8DF5 /* Frameworks */,
				516EB7C81D764F4600CF8DF5 /* Resources */,
			);
			buildRules = (
			);
			dependencies = (
			);
			name = EEPixelViewer;
			productName = EEPixelViewer;
			productReference = 516EB7CA1D764F4600CF8DF5 /* EEPixelViewer.app */;
			productType = "com.apple.product-type.application";
		};
/* End PBXNativeTarget section */

/* Begin PBXProject section */
		516EB7C21D764F4600CF8DF5 /* Project object */ = {
			isa = PBXProject;
			attributes = {
				LastUpgradeCheck = 0730;
				ORGANIZATIONNAME = "Eldad Eilam";
				TargetAttributes = {
					516EB7C91D764F4600CF8DF5 = {
						CreatedOnToolsVersion = 7.3;
						DevelopmentTeam = E54FNFV6AU;
					};
				};
			};
			buildConfigurationList = 516EB7C51D764F4600CF8DF5 /* Build configuration list for PBXProject "EEPixelViewer" */;
			compatibilityVersion = "Xcode 3.2";
			developmentRegion = English;
			hasScannedForEncodings = 0;
			knownRegions = (
				en,
				Base,
			);
			mainGroup = 516EB7C11D764F4600CF8DF5;
			productRefGroup = 516EB7CB1D764F4600CF8DF5 /* Products */;
			projectDirPath = "";
			projectRoot = "";
			targets = (
				516EB7C91D764F4600CF8DF5 /* EEPixelViewer */,
			);
		};
/* End PBXProject section */

/* Begin PBXResourcesBuildPhase section */
		516EB7C81D764F4600CF8DF5 /* Resources */ = {
			isa = PBXResourcesBuildPhase;
			buildActionMask = 2147483647;
			files = (
				5186AF5F1D7A37B300CCC782 /* PixelViewer_RGBA.glsl in Resources */,
				516EB7DD1D764F4600CF8DF5 /* LaunchScreen.storyboard in Resources */,
				513713661D8388E6006D63D5 /* PixelViewer_RGB.glsl in Resources */,
				5186AF5D1D7A34A300CCC782 /* rgba.png in Resources */,
				5137133E1D7D3089006D63D5 /* ContentModes.plist in Resources */,
				516EB7EE1D764FFD00CF8DF5 /* PixelViewer_YpCbCr_3P.glsl in Resources */,
				516EB7FA1D7655CA00CF8DF5 /* PixelFormats.plist in Resources */,
				516EB7F21D764FFD00CF8DF5 /* VertexShader.glsl in Resources */,
				513713641D823A15006D63D5 /* iPad Screen.png in Resources */,
				516EB7DA1D764F4600CF8DF5 /* Assets.xcassets in Resources */,
				513713401D7D41A8006D63D5 /* SampleImages.plist in Resources */,
				516EB7D81D764F4600CF8DF5 /* Main.storyboard in Resources */,
				516EB7F41D76529400CF8DF5 /* iPhones.png in Resources */,
				513713421D7F5A23006D63D5 /* PixelViewer_YpCbCr_2P.glsl in Resources */,
				5137134B1D814C28006D63D5 /* PixelViewer_YpCbCrA_1P.glsl in Resources */,
				5161A2F21D794B3B0012818A /* yuv.png in Resources */,
			);
			runOnlyForDeploymentPostprocessing = 0;
		};
/* End PBXResourcesBuildPhase section */

/* Begin PBXSourcesBuildPhase section */
		516EB7C61D764F4600CF8DF5 /* Sources */ = {
			isa = PBXSourcesBuildPhase;
			buildActionMask = 2147483647;
			files = (
				516EB7D51D764F4600CF8DF5 /* ViewController.m in Sources */,
				516EB7D21D764F4600CF8DF5 /* AppDelegate.m in Sources */,
				516EB7F11D764FFD00CF8DF5 /* OGLProgramManager.m in Sources */,
				516EB7CF1D764F4600CF8DF5 /* main.m in Sources */,
				513713491D81251D006D63D5 /* SampleImageConverter.m in Sources */,
				516EB7ED1D764FFD00CF8DF5 /* EEPixelViewer.m in Sources */,
			);
			runOnlyForDeploymentPostprocessing = 0;
		};
/* End PBXSourcesBuildPhase section */

/* Begin PBXVariantGroup section */
		516EB7D61D764F4600CF8DF5 /* Main.storyboard */ = {
			isa = PBXVariantGroup;
			children = (
				516EB7D71D764F4600CF8DF5 /* Base */,
			);
			name = Main.storyboard;
			sourceTree = "<group>";
		};
		516EB7DB1D764F4600CF8DF5 /* LaunchScreen.storyboard */ = {
			isa = PBXVariantGroup;
			children = (
				516EB7DC1D764F4600CF8DF5 /* Base */,
			);
			name = LaunchScreen.storyboard;
			sourceTree = "<group>";
		};
/* End PBXVariantGroup section */

/* Begin XCBuildConfiguration section */
		516EB7DF1D764F4600CF8DF5 /* Debug */ = {
			isa = XCBuildConfiguration;
			buildSettings = {
				ALWAYS_SEARCH_USER_PATHS = NO;
				CLANG_ANALYZER_NONNULL = YES;
				CLANG_CXX_LANGUAGE_STANDARD = "gnu++0x";
				CLANG_CXX_LIBRARY = "libc++";
				CLANG_ENABLE_MODULES = YES;
				CLANG_ENABLE_OBJC_ARC = YES;
				CLANG_WARN_BOOL_CONVERSION = YES;
				CLANG_WARN_CONSTANT_CONVERSION = YES;
				CLANG_WARN_DIRECT_OBJC_ISA_USAGE = YES_ERROR;
				CLANG_WARN_EMPTY_BODY = YES;
				CLANG_WARN_ENUM_CONVERSION = YES;
				CLANG_WARN_INT_CONVERSION = YES;
				CLANG_WARN_OBJC_ROOT_CLASS = YES_ERROR;
				CLANG_WARN_UNREACHABLE_CODE = YES;
				CLANG_WARN__DUPLICATE_METHOD_MATCH = YES;
				"CODE_SIGN_IDENTITY[sdk=iphoneos*]" = "iPhone Developer";
				COPY_PHASE_STRIP = NO;
				DEBUG_INFORMATION_FORMAT = dwarf;
				ENABLE_STRICT_OBJC_MSGSEND = YES;
				ENABLE_TESTABILITY = YES;
				GCC_C_LANGUAGE_STANDARD = gnu99;
				GCC_DYNAMIC_NO_PIC = NO;
				GCC_NO_COMMON_BLOCKS = YES;
				GCC_OPTIMIZATION_LEVEL = 0;
				GCC_PREPROCESSOR_DEFINITIONS = (
					"DEBUG=1",
					"$(inherited)",
				);
				GCC_WARN_64_TO_32_BIT_CONVERSION = YES;
				GCC_WARN_ABOUT_RETURN_TYPE = YES_ERROR;
				GCC_WARN_UNDECLARED_SELECTOR = YES;
				GCC_WARN_UNINITIALIZED_AUTOS = YES_AGGRESSIVE;
				GCC_WARN_UNUSED_FUNCTION = YES;
				GCC_WARN_UNUSED_VARIABLE = YES;
				IPHONEOS_DEPLOYMENT_TARGET = 9.3;
				MTL_ENABLE_DEBUG_INFO = YES;
				ONLY_ACTIVE_ARCH = YES;
				SDKROOT = iphoneos;
				TARGETED_DEVICE_FAMILY = "1,2";
			};
			name = Debug;
		};
		516EB7E01D764F4600CF8DF5 /* Release */ = {
			isa = XCBuildConfiguration;
			buildSettings = {
				ALWAYS_SEARCH_USER_PATHS = NO;
				CLANG_ANALYZER_NONNULL = YES;
				CLANG_CXX_LANGUAGE_STANDARD = "gnu++0x";
				CLANG_CXX_LIBRARY = "libc++";
				CLANG_ENABLE_MODULES = YES;
				CLANG_ENABLE_OBJC_ARC = YES;
				CLANG_WARN_BOOL_CONVERSION = YES;
				CLANG_WARN_CONSTANT_CONVERSION = YES;
				CLANG_WARN_DIRECT_OBJC_ISA_USAGE = YES_ERROR;
				CLANG_WARN_EMPTY_BODY = YES;
				CLANG_WARN_ENUM_CONVERSION = YES;
				CLANG_WARN_INT_CONVERSION = YES;
				CLANG_WARN_OBJC_ROOT_CLASS = YES_ERROR;
				CLANG_WARN_UNREACHABLE_CODE = YES;
				CLANG_WARN__DUPLICATE_METHOD_MATCH = YES;
				"CODE_SIGN_IDENTITY[sdk=iphoneos*]" = "iPhone Developer";
				COPY_PHASE_STRIP = NO;
				DEBUG_INFORMATION_FORMAT = "dwarf-with-dsym";
				ENABLE_NS_ASSERTIONS = NO;
				ENABLE_STRICT_OBJC_MSGSEND = YES;
				GCC_C_LANGUAGE_STANDARD = gnu99;
				GCC_NO_COMMON_BLOCKS = YES;
				GCC_WARN_64_TO_32_BIT_CONVERSION = YES;
				GCC_WARN_ABOUT_RETURN_TYPE = YES_ERROR;
				GCC_WARN_UNDECLARED_SELECTOR = YES;
				GCC_WARN_UNINITIALIZED_AUTOS = YES_AGGRESSIVE;
				GCC_WARN_UNUSED_FUNCTION = YES;
				GCC_WARN_UNUSED_VARIABLE = YES;
				IPHONEOS_DEPLOYMENT_TARGET = 9.3;
				MTL_ENABLE_DEBUG_INFO = NO;
				SDKROOT = iphoneos;
				TARGETED_DEVICE_FAMILY = "1,2";
				VALIDATE_PRODUCT = YES;
			};
			name = Release;
		};
		516EB7E21D764F4600CF8DF5 /* Debug */ = {
			isa = XCBuildConfiguration;
			buildSettings = {
				ASSETCATALOG_COMPILER_APPICON_NAME = AppIcon;
				CODE_SIGN_IDENTITY = "iPhone Developer";
				"CODE_SIGN_IDENTITY[sdk=iphoneos*]" = "iPhone Developer";
				INFOPLIST_FILE = EEPixelViewer/Info.plist;
				LD_RUNPATH_SEARCH_PATHS = "$(inherited) @executable_path/Frameworks";
				PRODUCT_BUNDLE_IDENTIFIER = com.eldade.EEPixelViewer;
				PRODUCT_NAME = "$(TARGET_NAME)";
				PROVISIONING_PROFILE = "";
			};
			name = Debug;
		};
		516EB7E31D764F4600CF8DF5 /* Release */ = {
			isa = XCBuildConfiguration;
			buildSettings = {
				ASSETCATALOG_COMPILER_APPICON_NAME = AppIcon;
				CODE_SIGN_IDENTITY = "iPhone Developer";
				"CODE_SIGN_IDENTITY[sdk=iphoneos*]" = "iPhone Developer";
				INFOPLIST_FILE = EEPixelViewer/Info.plist;
				LD_RUNPATH_SEARCH_PATHS = "$(inherited) @executable_path/Frameworks";
				PRODUCT_BUNDLE_IDENTIFIER = com.eldade.EEPixelViewer;
				PRODUCT_NAME = "$(TARGET_NAME)";
				PROVISIONING_PROFILE = "";
			};
			name = Release;
		};
/* End XCBuildConfiguration section */

/* Begin XCConfigurationList section */
		516EB7C51D764F4600CF8DF5 /* Build configuration list for PBXProject "EEPixelViewer" */ = {
			isa = XCConfigurationList;
			buildConfigurations = (
				516EB7DF1D764F4600CF8DF5 /* Debug */,
				516EB7E01D764F4600CF8DF5 /* Release */,
			);
			defaultConfigurationIsVisible = 0;
			defaultConfigurationName = Release;
		};
		516EB7E11D764F4600CF8DF5 /* Build configuration list for PBXNativeTarget "EEPixelViewer" */ = {
			isa = XCConfigurationList;
			buildConfigurations = (
				516EB7E21D764F4600CF8DF5 /* Debug */,
				516EB7E31D764F4600CF8DF5 /* Release */,
			);
			defaultConfigurationIsVisible = 0;
			defaultConfigurationName = Release;
		};
/* End XCConfigurationList section */
	};
	rootObject = 516EB7C21D764F4600CF8DF5 /* Project object */;
}
